
Microsoft Visual Studio Solution File, Format Version 12.00
# Visual Studio 15
VisualStudioVersion = 15.0.28010.2016
MinimumVisualStudioVersion = 10.0.40219.1
Project("{FAE04EC0-301F-11D3-BF4B-00C04F79EFBC}") = "Loop Over", "Loop Over\Loop Over.csproj", "{EE316A8D-9A9C-4B9B-9838-FAF9230838C6}"
EndProject
Global
	GlobalSection(SolutionConfigurationPlatforms) = preSolution
		Debug|Any CPU = Debug|Any CPU
		Release|Any CPU = Release|Any CPU
	EndGlobalSection
	GlobalSection(ProjectConfigurationPlatforms) = postSolution
		{EE316A8D-9A9C-4B9B-9838-FAF9230838C6}.Debug|Any CPU.ActiveCfg = Debug|Any CPU
		{EE316A8D-9A9C-4B9B-9838-FAF9230838C6}.Debug|Any CPU.Build.0 = Debug|Any CPU
		{EE316A8D-9A9C-4B9B-9838-FAF9230838C6}.Release|Any CPU.ActiveCfg = Release|Any CPU
		{EE316A8D-9A9C-4B9B-9838-FAF9230838C6}.Release|Any CPU.Build.0 = Release|Any CPU
	EndGlobalSection
	GlobalSection(SolutionProperties) = preSolution
		HideSolutionNode = FALSE
	EndGlobalSection
	GlobalSection(ExtensibilityGlobals) = postSolution
		SolutionGuid = {E36BF90A-8194-4B98-BAA6-26C69B69DCC6}
	EndGlobalSection
EndGlobal
